// !$*UTF8*$!
{
	archiveVersion = 1;
	classes = {
	};
	objectVersion = 56;
	objects = {

/* Begin PBXBuildFile section */
		31304ED32A40B7DD004700CD /* NutritionDataManager.swift in Sources */ = {isa = PBXBuildFile; fileRef = 31304ED22A40B7DD004700CD /* NutritionDataManager.swift */; };
		31304ED52A40BC3F004700CD /* NutritionData.swift in Sources */ = {isa = PBXBuildFile; fileRef = 31304ED42A40BC3F004700CD /* NutritionData.swift */; };
		31304ED72A40DC9E004700CD /* NutritionModel.swift in Sources */ = {isa = PBXBuildFile; fileRef = 31304ED62A40DC9E004700CD /* NutritionModel.swift */; };
		3131F54D2A3B8F52006924CA /* CherryBombOne-Regular.ttf in Resources */ = {isa = PBXBuildFile; fileRef = 3131F54C2A3B8F52006924CA /* CherryBombOne-Regular.ttf */; };
		3131F54F2A3B9854006924CA /* GoogleService-Info.plist in Resources */ = {isa = PBXBuildFile; fileRef = 3131F54E2A3B9854006924CA /* GoogleService-Info.plist */; };
		3131F5522A3B9AC9006924CA /* FirebaseAuth in Frameworks */ = {isa = PBXBuildFile; productRef = 3131F5512A3B9AC9006924CA /* FirebaseAuth */; };
		3131F5542A3B9AC9006924CA /* FirebaseFirestore in Frameworks */ = {isa = PBXBuildFile; productRef = 3131F5532A3B9AC9006924CA /* FirebaseFirestore */; };
		3131F5572A3BA1B1006924CA /* RegisterViewController.swift in Sources */ = {isa = PBXBuildFile; fileRef = 3131F5562A3BA1B1006924CA /* RegisterViewController.swift */; };
		3131F5592A3BA1EA006924CA /* LoginViewController.swift in Sources */ = {isa = PBXBuildFile; fileRef = 3131F5582A3BA1EA006924CA /* LoginViewController.swift */; };
		3131F55B2A3BA7CA006924CA /* DMSans-Medium.ttf in Resources */ = {isa = PBXBuildFile; fileRef = 3131F55A2A3BA7CA006924CA /* DMSans-Medium.ttf */; };
		3131F55D2A3BBC86006924CA /* ComplementsViewController.swift in Sources */ = {isa = PBXBuildFile; fileRef = 3131F55C2A3BBC86006924CA /* ComplementsViewController.swift */; };
		313893612A449D7100AE0A16 /* Realm in Frameworks */ = {isa = PBXBuildFile; productRef = 313893602A449D7100AE0A16 /* Realm */; };
		313893632A449D7100AE0A16 /* RealmSwift in Frameworks */ = {isa = PBXBuildFile; productRef = 313893622A449D7100AE0A16 /* RealmSwift */; };
		313893652A44CE2700AE0A16 /* MealsTableViewController.swift in Sources */ = {isa = PBXBuildFile; fileRef = 313893642A44CE2700AE0A16 /* MealsTableViewController.swift */; };
		313893672A44CE9900AE0A16 /* HomeViewController.swift in Sources */ = {isa = PBXBuildFile; fileRef = 313893662A44CE9900AE0A16 /* HomeViewController.swift */; };
		313893692A44F94C00AE0A16 /* SideMenuViewController.swift in Sources */ = {isa = PBXBuildFile; fileRef = 313893682A44F94C00AE0A16 /* SideMenuViewController.swift */; };
		319BBF1F2A3B8B5A003A1C26 /* AppDelegate.swift in Sources */ = {isa = PBXBuildFile; fileRef = 319BBF1E2A3B8B5A003A1C26 /* AppDelegate.swift */; };
		319BBF212A3B8B5A003A1C26 /* SceneDelegate.swift in Sources */ = {isa = PBXBuildFile; fileRef = 319BBF202A3B8B5A003A1C26 /* SceneDelegate.swift */; };
		319BBF232A3B8B5A003A1C26 /* MainViewController.swift in Sources */ = {isa = PBXBuildFile; fileRef = 319BBF222A3B8B5A003A1C26 /* MainViewController.swift */; };
		319BBF262A3B8B5A003A1C26 /* Main.storyboard in Resources */ = {isa = PBXBuildFile; fileRef = 319BBF242A3B8B5A003A1C26 /* Main.storyboard */; };
		319BBF282A3B8B5B003A1C26 /* Assets.xcassets in Resources */ = {isa = PBXBuildFile; fileRef = 319BBF272A3B8B5B003A1C26 /* Assets.xcassets */; };
		319BBF2B2A3B8B5B003A1C26 /* LaunchScreen.storyboard in Resources */ = {isa = PBXBuildFile; fileRef = 319BBF292A3B8B5B003A1C26 /* LaunchScreen.storyboard */; };
		319EA69A2A69BEAA000B99C6 /* SideMenuModel.swift in Sources */ = {isa = PBXBuildFile; fileRef = 319EA6992A69BEAA000B99C6 /* SideMenuModel.swift */; };
		319EA69D2A69BED5000B99C6 /* SideMenuCell.swift in Sources */ = {isa = PBXBuildFile; fileRef = 319EA69B2A69BED5000B99C6 /* SideMenuCell.swift */; };
		319EA69E2A69BED5000B99C6 /* SideMenuCell.xib in Resources */ = {isa = PBXBuildFile; fileRef = 319EA69C2A69BED5000B99C6 /* SideMenuCell.xib */; };
		319EA6A02A69BF51000B99C6 /* SuperViewController.swift in Sources */ = {isa = PBXBuildFile; fileRef = 319EA69F2A69BF51000B99C6 /* SuperViewController.swift */; };
		319EA6A22A69D898000B99C6 /* TodayMealsViewController.swift in Sources */ = {isa = PBXBuildFile; fileRef = 319EA6A12A69D898000B99C6 /* TodayMealsViewController.swift */; };
		319EA6A42A69EAFF000B99C6 /* UserProfileViewController.swift in Sources */ = {isa = PBXBuildFile; fileRef = 319EA6A32A69EAFF000B99C6 /* UserProfileViewController.swift */; };
		319EA6A72A6A5256000B99C6 /* MealCell.swift in Sources */ = {isa = PBXBuildFile; fileRef = 319EA6A52A6A5256000B99C6 /* MealCell.swift */; };
		319EA6A82A6A5256000B99C6 /* MealCell.xib in Resources */ = {isa = PBXBuildFile; fileRef = 319EA6A62A6A5256000B99C6 /* MealCell.xib */; };
		319EA6AB2A6A5D32000B99C6 /* ComplementCell.swift in Sources */ = {isa = PBXBuildFile; fileRef = 319EA6A92A6A5D32000B99C6 /* ComplementCell.swift */; };
		319EA6AC2A6A5D32000B99C6 /* ComplementCell.xib in Resources */ = {isa = PBXBuildFile; fileRef = 319EA6AA2A6A5D32000B99C6 /* ComplementCell.xib */; };
		319EA6AE2A6A61EA000B99C6 /* MealTest.swift in Sources */ = {isa = PBXBuildFile; fileRef = 319EA6AD2A6A61EA000B99C6 /* MealTest.swift */; };
		31AB59582A6AD58E00DABF97 /* DataModel.xcdatamodeld in Sources */ = {isa = PBXBuildFile; fileRef = 31AB59562A6AD58E00DABF97 /* DataModel.xcdatamodeld */; };
		31AB595A2A6ADCEA00DABF97 /* MealViewController.swift in Sources */ = {isa = PBXBuildFile; fileRef = 31AB59592A6ADCEA00DABF97 /* MealViewController.swift */; };
/* End PBXBuildFile section */

/* Begin PBXFileReference section */
		31304ED22A40B7DD004700CD /* NutritionDataManager.swift */ = {isa = PBXFileReference; lastKnownFileType = sourcecode.swift; path = NutritionDataManager.swift; sourceTree = "<group>"; };
		31304ED42A40BC3F004700CD /* NutritionData.swift */ = {isa = PBXFileReference; lastKnownFileType = sourcecode.swift; path = NutritionData.swift; sourceTree = "<group>"; };
		31304ED62A40DC9E004700CD /* NutritionModel.swift */ = {isa = PBXFileReference; lastKnownFileType = sourcecode.swift; path = NutritionModel.swift; sourceTree = "<group>"; };
		3131F54C2A3B8F52006924CA /* CherryBombOne-Regular.ttf */ = {isa = PBXFileReference; lastKnownFileType = file; path = "CherryBombOne-Regular.ttf"; sourceTree = "<group>"; };
		3131F54E2A3B9854006924CA /* GoogleService-Info.plist */ = {isa = PBXFileReference; fileEncoding = 4; lastKnownFileType = text.plist.xml; path = "GoogleService-Info.plist"; sourceTree = "<group>"; };
		3131F5562A3BA1B1006924CA /* RegisterViewController.swift */ = {isa = PBXFileReference; lastKnownFileType = sourcecode.swift; path = RegisterViewController.swift; sourceTree = "<group>"; };
		3131F5582A3BA1EA006924CA /* LoginViewController.swift */ = {isa = PBXFileReference; lastKnownFileType = sourcecode.swift; path = LoginViewController.swift; sourceTree = "<group>"; };
		3131F55A2A3BA7CA006924CA /* DMSans-Medium.ttf */ = {isa = PBXFileReference; lastKnownFileType = file; path = "DMSans-Medium.ttf"; sourceTree = "<group>"; };
		3131F55C2A3BBC86006924CA /* ComplementsViewController.swift */ = {isa = PBXFileReference; lastKnownFileType = sourcecode.swift; path = ComplementsViewController.swift; sourceTree = "<group>"; };
		313893642A44CE2700AE0A16 /* MealsTableViewController.swift */ = {isa = PBXFileReference; lastKnownFileType = sourcecode.swift; path = MealsTableViewController.swift; sourceTree = "<group>"; };
		313893662A44CE9900AE0A16 /* HomeViewController.swift */ = {isa = PBXFileReference; lastKnownFileType = sourcecode.swift; path = HomeViewController.swift; sourceTree = "<group>"; };
		313893682A44F94C00AE0A16 /* SideMenuViewController.swift */ = {isa = PBXFileReference; lastKnownFileType = sourcecode.swift; path = SideMenuViewController.swift; sourceTree = "<group>"; };
		319BBF1B2A3B8B5A003A1C26 /* MyFoodApp.app */ = {isa = PBXFileReference; explicitFileType = wrapper.application; includeInIndex = 0; path = MyFoodApp.app; sourceTree = BUILT_PRODUCTS_DIR; };
		319BBF1E2A3B8B5A003A1C26 /* AppDelegate.swift */ = {isa = PBXFileReference; lastKnownFileType = sourcecode.swift; path = AppDelegate.swift; sourceTree = "<group>"; };
		319BBF202A3B8B5A003A1C26 /* SceneDelegate.swift */ = {isa = PBXFileReference; lastKnownFileType = sourcecode.swift; path = SceneDelegate.swift; sourceTree = "<group>"; };
		319BBF222A3B8B5A003A1C26 /* MainViewController.swift */ = {isa = PBXFileReference; lastKnownFileType = sourcecode.swift; path = MainViewController.swift; sourceTree = "<group>"; };
		319BBF252A3B8B5A003A1C26 /* Base */ = {isa = PBXFileReference; lastKnownFileType = file.storyboard; name = Base; path = Base.lproj/Main.storyboard; sourceTree = "<group>"; };
		319BBF272A3B8B5B003A1C26 /* Assets.xcassets */ = {isa = PBXFileReference; lastKnownFileType = folder.assetcatalog; path = Assets.xcassets; sourceTree = "<group>"; };
		319BBF2A2A3B8B5B003A1C26 /* Base */ = {isa = PBXFileReference; lastKnownFileType = file.storyboard; name = Base; path = Base.lproj/LaunchScreen.storyboard; sourceTree = "<group>"; };
		319BBF2C2A3B8B5B003A1C26 /* Info.plist */ = {isa = PBXFileReference; lastKnownFileType = text.plist.xml; path = Info.plist; sourceTree = "<group>"; };
		319EA6992A69BEAA000B99C6 /* SideMenuModel.swift */ = {isa = PBXFileReference; lastKnownFileType = sourcecode.swift; path = SideMenuModel.swift; sourceTree = "<group>"; };
		319EA69B2A69BED5000B99C6 /* SideMenuCell.swift */ = {isa = PBXFileReference; lastKnownFileType = sourcecode.swift; path = SideMenuCell.swift; sourceTree = "<group>"; };
		319EA69C2A69BED5000B99C6 /* SideMenuCell.xib */ = {isa = PBXFileReference; lastKnownFileType = file.xib; path = SideMenuCell.xib; sourceTree = "<group>"; };
		319EA69F2A69BF51000B99C6 /* SuperViewController.swift */ = {isa = PBXFileReference; lastKnownFileType = sourcecode.swift; path = SuperViewController.swift; sourceTree = "<group>"; };
		319EA6A12A69D898000B99C6 /* TodayMealsViewController.swift */ = {isa = PBXFileReference; lastKnownFileType = sourcecode.swift; path = TodayMealsViewController.swift; sourceTree = "<group>"; };
		319EA6A32A69EAFF000B99C6 /* UserProfileViewController.swift */ = {isa = PBXFileReference; lastKnownFileType = sourcecode.swift; path = UserProfileViewController.swift; sourceTree = "<group>"; };
		319EA6A52A6A5256000B99C6 /* MealCell.swift */ = {isa = PBXFileReference; lastKnownFileType = sourcecode.swift; path = MealCell.swift; sourceTree = "<group>"; };
		319EA6A62A6A5256000B99C6 /* MealCell.xib */ = {isa = PBXFileReference; lastKnownFileType = file.xib; path = MealCell.xib; sourceTree = "<group>"; };
		319EA6A92A6A5D32000B99C6 /* ComplementCell.swift */ = {isa = PBXFileReference; lastKnownFileType = sourcecode.swift; path = ComplementCell.swift; sourceTree = "<group>"; };
		319EA6AA2A6A5D32000B99C6 /* ComplementCell.xib */ = {isa = PBXFileReference; lastKnownFileType = file.xib; path = ComplementCell.xib; sourceTree = "<group>"; };
		319EA6AD2A6A61EA000B99C6 /* MealTest.swift */ = {isa = PBXFileReference; lastKnownFileType = sourcecode.swift; path = MealTest.swift; sourceTree = "<group>"; };
		31AB59572A6AD58E00DABF97 /* DataModel.xcdatamodel */ = {isa = PBXFileReference; lastKnownFileType = wrapper.xcdatamodel; path = DataModel.xcdatamodel; sourceTree = "<group>"; };
		31AB59592A6ADCEA00DABF97 /* MealViewController.swift */ = {isa = PBXFileReference; lastKnownFileType = sourcecode.swift; path = MealViewController.swift; sourceTree = "<group>"; };
/* End PBXFileReference section */

/* Begin PBXFrameworksBuildPhase section */
		319BBF182A3B8B5A003A1C26 /* Frameworks */ = {
			isa = PBXFrameworksBuildPhase;
			buildActionMask = 2147483647;
			files = (
				313893632A449D7100AE0A16 /* RealmSwift in Frameworks */,
				313893612A449D7100AE0A16 /* Realm in Frameworks */,
				3131F5522A3B9AC9006924CA /* FirebaseAuth in Frameworks */,
				3131F5542A3B9AC9006924CA /* FirebaseFirestore in Frameworks */,
			);
			runOnlyForDeploymentPostprocessing = 0;
		};
/* End PBXFrameworksBuildPhase section */

/* Begin PBXGroup section */
		310AA2D12A3D0C53007D2CD3 /* Model */ = {
			isa = PBXGroup;
			children = (
				31304ED22A40B7DD004700CD /* NutritionDataManager.swift */,
				31304ED42A40BC3F004700CD /* NutritionData.swift */,
				31304ED62A40DC9E004700CD /* NutritionModel.swift */,
				319EA6992A69BEAA000B99C6 /* SideMenuModel.swift */,
				319EA6AD2A6A61EA000B99C6 /* MealTest.swift */,
				31AB59562A6AD58E00DABF97 /* DataModel.xcdatamodeld */,
			);
			path = Model;
			sourceTree = "<group>";
		};
		3131F54B2A3B8F47006924CA /* Fonts */ = {
			isa = PBXGroup;
			children = (
				3131F55A2A3BA7CA006924CA /* DMSans-Medium.ttf */,
				3131F54C2A3B8F52006924CA /* CherryBombOne-Regular.ttf */,
			);
			path = Fonts;
			sourceTree = "<group>";
		};
		3131F5552A3BA05F006924CA /* Controller */ = {
			isa = PBXGroup;
			children = (
				319BBF222A3B8B5A003A1C26 /* MainViewController.swift */,
				3131F5562A3BA1B1006924CA /* RegisterViewController.swift */,
				3131F5582A3BA1EA006924CA /* LoginViewController.swift */,
				3131F55C2A3BBC86006924CA /* ComplementsViewController.swift */,
				313893642A44CE2700AE0A16 /* MealsTableViewController.swift */,
				313893662A44CE9900AE0A16 /* HomeViewController.swift */,
				313893682A44F94C00AE0A16 /* SideMenuViewController.swift */,
				319EA69F2A69BF51000B99C6 /* SuperViewController.swift */,
				319EA6A12A69D898000B99C6 /* TodayMealsViewController.swift */,
				319EA6A32A69EAFF000B99C6 /* UserProfileViewController.swift */,
				31AB59592A6ADCEA00DABF97 /* MealViewController.swift */,
			);
			path = Controller;
			sourceTree = "<group>";
		};
		3131F55E2A3BD0BA006924CA /* Custom views */ = {
			isa = PBXGroup;
			children = (
				319EA69B2A69BED5000B99C6 /* SideMenuCell.swift */,
				319EA69C2A69BED5000B99C6 /* SideMenuCell.xib */,
				319EA6A52A6A5256000B99C6 /* MealCell.swift */,
				319EA6A62A6A5256000B99C6 /* MealCell.xib */,
				319EA6A92A6A5D32000B99C6 /* ComplementCell.swift */,
				319EA6AA2A6A5D32000B99C6 /* ComplementCell.xib */,
			);
			path = "Custom views";
			sourceTree = "<group>";
		};
		319BBF122A3B8B5A003A1C26 = {
			isa = PBXGroup;
			children = (
				319BBF1D2A3B8B5A003A1C26 /* MyFoodApp */,
				319BBF1C2A3B8B5A003A1C26 /* Products */,
			);
			sourceTree = "<group>";
		};
		319BBF1C2A3B8B5A003A1C26 /* Products */ = {
			isa = PBXGroup;
			children = (
				319BBF1B2A3B8B5A003A1C26 /* MyFoodApp.app */,
			);
			name = Products;
			sourceTree = "<group>";
		};
		319BBF1D2A3B8B5A003A1C26 /* MyFoodApp */ = {
			isa = PBXGroup;
			children = (
				3131F54B2A3B8F47006924CA /* Fonts */,
				319BBF1E2A3B8B5A003A1C26 /* AppDelegate.swift */,
				319BBF202A3B8B5A003A1C26 /* SceneDelegate.swift */,
				310AA2D12A3D0C53007D2CD3 /* Model */,
				3131F55E2A3BD0BA006924CA /* Custom views */,
				3131F5552A3BA05F006924CA /* Controller */,
				319BBF242A3B8B5A003A1C26 /* Main.storyboard */,
				319BBF272A3B8B5B003A1C26 /* Assets.xcassets */,
				319BBF292A3B8B5B003A1C26 /* LaunchScreen.storyboard */,
				319BBF2C2A3B8B5B003A1C26 /* Info.plist */,
				3131F54E2A3B9854006924CA /* GoogleService-Info.plist */,
			);
			path = MyFoodApp;
			sourceTree = "<group>";
		};
/* End PBXGroup section */

/* Begin PBXNativeTarget section */
		319BBF1A2A3B8B5A003A1C26 /* MyFoodApp */ = {
			isa = PBXNativeTarget;
			buildConfigurationList = 319BBF2F2A3B8B5B003A1C26 /* Build configuration list for PBXNativeTarget "MyFoodApp" */;
			buildPhases = (
				319BBF172A3B8B5A003A1C26 /* Sources */,
				319BBF182A3B8B5A003A1C26 /* Frameworks */,
				319BBF192A3B8B5A003A1C26 /* Resources */,
			);
			buildRules = (
			);
			dependencies = (
			);
			name = MyFoodApp;
			packageProductDependencies = (
				3131F5512A3B9AC9006924CA /* FirebaseAuth */,
				3131F5532A3B9AC9006924CA /* FirebaseFirestore */,
				313893602A449D7100AE0A16 /* Realm */,
				313893622A449D7100AE0A16 /* RealmSwift */,
			);
			productName = MyFoodApp;
			productReference = 319BBF1B2A3B8B5A003A1C26 /* MyFoodApp.app */;
			productType = "com.apple.product-type.application";
		};
/* End PBXNativeTarget section */

/* Begin PBXProject section */
		319BBF132A3B8B5A003A1C26 /* Project object */ = {
			isa = PBXProject;
			attributes = {
				BuildIndependentTargetsInParallel = 1;
				LastSwiftUpdateCheck = 1430;
				LastUpgradeCheck = 1430;
				TargetAttributes = {
					319BBF1A2A3B8B5A003A1C26 = {
						CreatedOnToolsVersion = 14.3;
					};
				};
			};
			buildConfigurationList = 319BBF162A3B8B5A003A1C26 /* Build configuration list for PBXProject "MyFoodApp" */;
			compatibilityVersion = "Xcode 14.0";
			developmentRegion = en;
			hasScannedForEncodings = 0;
			knownRegions = (
				en,
				Base,
			);
			mainGroup = 319BBF122A3B8B5A003A1C26;
			packageReferences = (
				3131F5502A3B9AC9006924CA /* XCRemoteSwiftPackageReference "firebase-ios-sdk" */,
				3138935F2A449D7100AE0A16 /* XCRemoteSwiftPackageReference "realm-swift" */,
			);
			productRefGroup = 319BBF1C2A3B8B5A003A1C26 /* Products */;
			projectDirPath = "";
			projectRoot = "";
			targets = (
				319BBF1A2A3B8B5A003A1C26 /* MyFoodApp */,
			);
		};
/* End PBXProject section */

/* Begin PBXResourcesBuildPhase section */
		319BBF192A3B8B5A003A1C26 /* Resources */ = {
			isa = PBXResourcesBuildPhase;
			buildActionMask = 2147483647;
			files = (
				319BBF2B2A3B8B5B003A1C26 /* LaunchScreen.storyboard in Resources */,
				319EA69E2A69BED5000B99C6 /* SideMenuCell.xib in Resources */,
				319BBF282A3B8B5B003A1C26 /* Assets.xcassets in Resources */,
				3131F54F2A3B9854006924CA /* GoogleService-Info.plist in Resources */,
				319EA6A82A6A5256000B99C6 /* MealCell.xib in Resources */,
				319BBF262A3B8B5A003A1C26 /* Main.storyboard in Resources */,
				3131F54D2A3B8F52006924CA /* CherryBombOne-Regular.ttf in Resources */,
				3131F55B2A3BA7CA006924CA /* DMSans-Medium.ttf in Resources */,
				319EA6AC2A6A5D32000B99C6 /* ComplementCell.xib in Resources */,
			);
			runOnlyForDeploymentPostprocessing = 0;
		};
/* End PBXResourcesBuildPhase section */

/* Begin PBXSourcesBuildPhase section */
		319BBF172A3B8B5A003A1C26 /* Sources */ = {
			isa = PBXSourcesBuildPhase;
			buildActionMask = 2147483647;
			files = (
				319BBF232A3B8B5A003A1C26 /* MainViewController.swift in Sources */,
				319EA69D2A69BED5000B99C6 /* SideMenuCell.swift in Sources */,
				319BBF1F2A3B8B5A003A1C26 /* AppDelegate.swift in Sources */,
				31AB59582A6AD58E00DABF97 /* DataModel.xcdatamodeld in Sources */,
				319BBF212A3B8B5A003A1C26 /* SceneDelegate.swift in Sources */,
				319EA6AB2A6A5D32000B99C6 /* ComplementCell.swift in Sources */,
				313893692A44F94C00AE0A16 /* SideMenuViewController.swift in Sources */,
				319EA6A42A69EAFF000B99C6 /* UserProfileViewController.swift in Sources */,
				3131F5592A3BA1EA006924CA /* LoginViewController.swift in Sources */,
				31AB595A2A6ADCEA00DABF97 /* MealViewController.swift in Sources */,
				3131F5572A3BA1B1006924CA /* RegisterViewController.swift in Sources */,
				319EA6A02A69BF51000B99C6 /* SuperViewController.swift in Sources */,
				31304ED72A40DC9E004700CD /* NutritionModel.swift in Sources */,
				31304ED32A40B7DD004700CD /* NutritionDataManager.swift in Sources */,
				319EA6AE2A6A61EA000B99C6 /* MealTest.swift in Sources */,
				3131F55D2A3BBC86006924CA /* ComplementsViewController.swift in Sources */,
				319EA6A72A6A5256000B99C6 /* MealCell.swift in Sources */,
				319EA6A22A69D898000B99C6 /* TodayMealsViewController.swift in Sources */,
				31304ED52A40BC3F004700CD /* NutritionData.swift in Sources */,
				313893652A44CE2700AE0A16 /* MealsTableViewController.swift in Sources */,
				313893672A44CE9900AE0A16 /* HomeViewController.swift in Sources */,
				319EA69A2A69BEAA000B99C6 /* SideMenuModel.swift in Sources */,
			);
			runOnlyForDeploymentPostprocessing = 0;
		};
/* End PBXSourcesBuildPhase section */

/* Begin PBXVariantGroup section */
		319BBF242A3B8B5A003A1C26 /* Main.storyboard */ = {
			isa = PBXVariantGroup;
			children = (
				319BBF252A3B8B5A003A1C26 /* Base */,
			);
			name = Main.storyboard;
			sourceTree = "<group>";
		};
		319BBF292A3B8B5B003A1C26 /* LaunchScreen.storyboard */ = {
			isa = PBXVariantGroup;
			children = (
				319BBF2A2A3B8B5B003A1C26 /* Base */,
			);
			name = LaunchScreen.storyboard;
			sourceTree = "<group>";
		};
/* End PBXVariantGroup section */

/* Begin XCBuildConfiguration section */
		319BBF2D2A3B8B5B003A1C26 /* Debug */ = {
			isa = XCBuildConfiguration;
			buildSettings = {
				ALWAYS_SEARCH_USER_PATHS = NO;
				CLANG_ANALYZER_NONNULL = YES;
				CLANG_ANALYZER_NUMBER_OBJECT_CONVERSION = YES_AGGRESSIVE;
				CLANG_CXX_LANGUAGE_STANDARD = "gnu++20";
				CLANG_ENABLE_MODULES = YES;
				CLANG_ENABLE_OBJC_ARC = YES;
				CLANG_ENABLE_OBJC_WEAK = YES;
				CLANG_WARN_BLOCK_CAPTURE_AUTORELEASING = YES;
				CLANG_WARN_BOOL_CONVERSION = YES;
				CLANG_WARN_COMMA = YES;
				CLANG_WARN_CONSTANT_CONVERSION = YES;
				CLANG_WARN_DEPRECATED_OBJC_IMPLEMENTATIONS = YES;
				CLANG_WARN_DIRECT_OBJC_ISA_USAGE = YES_ERROR;
				CLANG_WARN_DOCUMENTATION_COMMENTS = YES;
				CLANG_WARN_EMPTY_BODY = YES;
				CLANG_WARN_ENUM_CONVERSION = YES;
				CLANG_WARN_INFINITE_RECURSION = YES;
				CLANG_WARN_INT_CONVERSION = YES;
				CLANG_WARN_NON_LITERAL_NULL_CONVERSION = YES;
				CLANG_WARN_OBJC_IMPLICIT_RETAIN_SELF = YES;
				CLANG_WARN_OBJC_LITERAL_CONVERSION = YES;
				CLANG_WARN_OBJC_ROOT_CLASS = YES_ERROR;
				CLANG_WARN_QUOTED_INCLUDE_IN_FRAMEWORK_HEADER = YES;
				CLANG_WARN_RANGE_LOOP_ANALYSIS = YES;
				CLANG_WARN_STRICT_PROTOTYPES = YES;
				CLANG_WARN_SUSPICIOUS_MOVE = YES;
				CLANG_WARN_UNGUARDED_AVAILABILITY = YES_AGGRESSIVE;
				CLANG_WARN_UNREACHABLE_CODE = YES;
				CLANG_WARN__DUPLICATE_METHOD_MATCH = YES;
				COPY_PHASE_STRIP = NO;
				DEBUG_INFORMATION_FORMAT = dwarf;
				ENABLE_STRICT_OBJC_MSGSEND = YES;
				ENABLE_TESTABILITY = YES;
				GCC_C_LANGUAGE_STANDARD = gnu11;
				GCC_DYNAMIC_NO_PIC = NO;
				GCC_NO_COMMON_BLOCKS = YES;
				GCC_OPTIMIZATION_LEVEL = 0;
				GCC_PREPROCESSOR_DEFINITIONS = (
					"DEBUG=1",
					"$(inherited)",
				);
				GCC_WARN_64_TO_32_BIT_CONVERSION = YES;
				GCC_WARN_ABOUT_RETURN_TYPE = YES_ERROR;
				GCC_WARN_UNDECLARED_SELECTOR = YES;
				GCC_WARN_UNINITIALIZED_AUTOS = YES_AGGRESSIVE;
				GCC_WARN_UNUSED_FUNCTION = YES;
				GCC_WARN_UNUSED_VARIABLE = YES;
				IPHONEOS_DEPLOYMENT_TARGET = 16.4;
				MTL_ENABLE_DEBUG_INFO = INCLUDE_SOURCE;
				MTL_FAST_MATH = YES;
				ONLY_ACTIVE_ARCH = YES;
				SDKROOT = iphoneos;
				SWIFT_ACTIVE_COMPILATION_CONDITIONS = DEBUG;
				SWIFT_OPTIMIZATION_LEVEL = "-Onone";
			};
			name = Debug;
		};
		319BBF2E2A3B8B5B003A1C26 /* Release */ = {
			isa = XCBuildConfiguration;
			buildSettings = {
				ALWAYS_SEARCH_USER_PATHS = NO;
				CLANG_ANALYZER_NONNULL = YES;
				CLANG_ANALYZER_NUMBER_OBJECT_CONVERSION = YES_AGGRESSIVE;
				CLANG_CXX_LANGUAGE_STANDARD = "gnu++20";
				CLANG_ENABLE_MODULES = YES;
				CLANG_ENABLE_OBJC_ARC = YES;
				CLANG_ENABLE_OBJC_WEAK = YES;
				CLANG_WARN_BLOCK_CAPTURE_AUTORELEASING = YES;
				CLANG_WARN_BOOL_CONVERSION = YES;
				CLANG_WARN_COMMA = YES;
				CLANG_WARN_CONSTANT_CONVERSION = YES;
				CLANG_WARN_DEPRECATED_OBJC_IMPLEMENTATIONS = YES;
				CLANG_WARN_DIRECT_OBJC_ISA_USAGE = YES_ERROR;
				CLANG_WARN_DOCUMENTATION_COMMENTS = YES;
				CLANG_WARN_EMPTY_BODY = YES;
				CLANG_WARN_ENUM_CONVERSION = YES;
				CLANG_WARN_INFINITE_RECURSION = YES;
				CLANG_WARN_INT_CONVERSION = YES;
				CLANG_WARN_NON_LITERAL_NULL_CONVERSION = YES;
				CLANG_WARN_OBJC_IMPLICIT_RETAIN_SELF = YES;
				CLANG_WARN_OBJC_LITERAL_CONVERSION = YES;
				CLANG_WARN_OBJC_ROOT_CLASS = YES_ERROR;
				CLANG_WARN_QUOTED_INCLUDE_IN_FRAMEWORK_HEADER = YES;
				CLANG_WARN_RANGE_LOOP_ANALYSIS = YES;
				CLANG_WARN_STRICT_PROTOTYPES = YES;
				CLANG_WARN_SUSPICIOUS_MOVE = YES;
				CLANG_WARN_UNGUARDED_AVAILABILITY = YES_AGGRESSIVE;
				CLANG_WARN_UNREACHABLE_CODE = YES;
				CLANG_WARN__DUPLICATE_METHOD_MATCH = YES;
				COPY_PHASE_STRIP = NO;
				DEBUG_INFORMATION_FORMAT = "dwarf-with-dsym";
				ENABLE_NS_ASSERTIONS = NO;
				ENABLE_STRICT_OBJC_MSGSEND = YES;
				GCC_C_LANGUAGE_STANDARD = gnu11;
				GCC_NO_COMMON_BLOCKS = YES;
				GCC_WARN_64_TO_32_BIT_CONVERSION = YES;
				GCC_WARN_ABOUT_RETURN_TYPE = YES_ERROR;
				GCC_WARN_UNDECLARED_SELECTOR = YES;
				GCC_WARN_UNINITIALIZED_AUTOS = YES_AGGRESSIVE;
				GCC_WARN_UNUSED_FUNCTION = YES;
				GCC_WARN_UNUSED_VARIABLE = YES;
				IPHONEOS_DEPLOYMENT_TARGET = 16.4;
				MTL_ENABLE_DEBUG_INFO = NO;
				MTL_FAST_MATH = YES;
				SDKROOT = iphoneos;
				SWIFT_COMPILATION_MODE = wholemodule;
				SWIFT_OPTIMIZATION_LEVEL = "-O";
				VALIDATE_PRODUCT = YES;
			};
			name = Release;
		};
		319BBF302A3B8B5B003A1C26 /* Debug */ = {
			isa = XCBuildConfiguration;
			buildSettings = {
				ASSETCATALOG_COMPILER_APPICON_NAME = AppIcon;
				ASSETCATALOG_COMPILER_GLOBAL_ACCENT_COLOR_NAME = AccentColor;
				CODE_SIGN_STYLE = Automatic;
				CURRENT_PROJECT_VERSION = 1;
				GENERATE_INFOPLIST_FILE = YES;
				INFOPLIST_FILE = MyFoodApp/Info.plist;
				INFOPLIST_KEY_UIApplicationSupportsIndirectInputEvents = YES;
				INFOPLIST_KEY_UILaunchStoryboardName = LaunchScreen;
				INFOPLIST_KEY_UIMainStoryboardFile = Main;
				INFOPLIST_KEY_UISupportedInterfaceOrientations_iPad = "UIInterfaceOrientationPortrait UIInterfaceOrientationPortraitUpsideDown UIInterfaceOrientationLandscapeLeft UIInterfaceOrientationLandscapeRight";
				INFOPLIST_KEY_UISupportedInterfaceOrientations_iPhone = "UIInterfaceOrientationPortrait UIInterfaceOrientationLandscapeLeft UIInterfaceOrientationLandscapeRight";
				LD_RUNPATH_SEARCH_PATHS = (
					"$(inherited)",
					"@executable_path/Frameworks",
				);
				MARKETING_VERSION = 1.0;
				PRODUCT_BUNDLE_IDENTIFIER = "com.mobile-academy.MyFoodApp";
				PRODUCT_NAME = "$(TARGET_NAME)";
				SWIFT_EMIT_LOC_STRINGS = YES;
				SWIFT_VERSION = 5.0;
				TARGETED_DEVICE_FAMILY = "1,2";
			};
			name = Debug;
		};
		319BBF312A3B8B5B003A1C26 /* Release */ = {
			isa = XCBuildConfiguration;
			buildSettings = {
				ASSETCATALOG_COMPILER_APPICON_NAME = AppIcon;
				ASSETCATALOG_COMPILER_GLOBAL_ACCENT_COLOR_NAME = AccentColor;
				CODE_SIGN_STYLE = Automatic;
				CURRENT_PROJECT_VERSION = 1;
				GENERATE_INFOPLIST_FILE = YES;
				INFOPLIST_FILE = MyFoodApp/Info.plist;
				INFOPLIST_KEY_UIApplicationSupportsIndirectInputEvents = YES;
				INFOPLIST_KEY_UILaunchStoryboardName = LaunchScreen;
				INFOPLIST_KEY_UIMainStoryboardFile = Main;
				INFOPLIST_KEY_UISupportedInterfaceOrientations_iPad = "UIInterfaceOrientationPortrait UIInterfaceOrientationPortraitUpsideDown UIInterfaceOrientationLandscapeLeft UIInterfaceOrientationLandscapeRight";
				INFOPLIST_KEY_UISupportedInterfaceOrientations_iPhone = "UIInterfaceOrientationPortrait UIInterfaceOrientationLandscapeLeft UIInterfaceOrientationLandscapeRight";
				LD_RUNPATH_SEARCH_PATHS = (
					"$(inherited)",
					"@executable_path/Frameworks",
				);
				MARKETING_VERSION = 1.0;
				PRODUCT_BUNDLE_IDENTIFIER = "com.mobile-academy.MyFoodApp";
				PRODUCT_NAME = "$(TARGET_NAME)";
				SWIFT_EMIT_LOC_STRINGS = YES;
				SWIFT_VERSION = 5.0;
				TARGETED_DEVICE_FAMILY = "1,2";
			};
			name = Release;
		};
/* End XCBuildConfiguration section */

/* Begin XCConfigurationList section */
		319BBF162A3B8B5A003A1C26 /* Build configuration list for PBXProject "MyFoodApp" */ = {
			isa = XCConfigurationList;
			buildConfigurations = (
				319BBF2D2A3B8B5B003A1C26 /* Debug */,
				319BBF2E2A3B8B5B003A1C26 /* Release */,
			);
			defaultConfigurationIsVisible = 0;
			defaultConfigurationName = Release;
		};
		319BBF2F2A3B8B5B003A1C26 /* Build configuration list for PBXNativeTarget "MyFoodApp" */ = {
			isa = XCConfigurationList;
			buildConfigurations = (
				319BBF302A3B8B5B003A1C26 /* Debug */,
				319BBF312A3B8B5B003A1C26 /* Release */,
			);
			defaultConfigurationIsVisible = 0;
			defaultConfigurationName = Release;
		};
/* End XCConfigurationList section */

/* Begin XCRemoteSwiftPackageReference section */
		3131F5502A3B9AC9006924CA /* XCRemoteSwiftPackageReference "firebase-ios-sdk" */ = {
			isa = XCRemoteSwiftPackageReference;
			repositoryURL = "https://github.com/firebase/firebase-ios-sdk";
			requirement = {
				kind = upToNextMajorVersion;
				minimumVersion = 10.0.0;
			};
		};
		3138935F2A449D7100AE0A16 /* XCRemoteSwiftPackageReference "realm-swift" */ = {
			isa = XCRemoteSwiftPackageReference;
			repositoryURL = "https://github.com/realm/realm-swift.git";
			requirement = {
				kind = upToNextMajorVersion;
				minimumVersion = 10.40.2;
			};
		};
/* End XCRemoteSwiftPackageReference section */

/* Begin XCSwiftPackageProductDependency section */
		3131F5512A3B9AC9006924CA /* FirebaseAuth */ = {
			isa = XCSwiftPackageProductDependency;
			package = 3131F5502A3B9AC9006924CA /* XCRemoteSwiftPackageReference "firebase-ios-sdk" */;
			productName = FirebaseAuth;
		};
		3131F5532A3B9AC9006924CA /* FirebaseFirestore */ = {
			isa = XCSwiftPackageProductDependency;
			package = 3131F5502A3B9AC9006924CA /* XCRemoteSwiftPackageReference "firebase-ios-sdk" */;
			productName = FirebaseFirestore;
		};
		313893602A449D7100AE0A16 /* Realm */ = {
			isa = XCSwiftPackageProductDependency;
			package = 3138935F2A449D7100AE0A16 /* XCRemoteSwiftPackageReference "realm-swift" */;
			productName = Realm;
		};
		313893622A449D7100AE0A16 /* RealmSwift */ = {
			isa = XCSwiftPackageProductDependency;
			package = 3138935F2A449D7100AE0A16 /* XCRemoteSwiftPackageReference "realm-swift" */;
			productName = RealmSwift;
		};
/* End XCSwiftPackageProductDependency section */

/* Begin XCVersionGroup section */
		31AB59562A6AD58E00DABF97 /* DataModel.xcdatamodeld */ = {
			isa = XCVersionGroup;
			children = (
				31AB59572A6AD58E00DABF97 /* DataModel.xcdatamodel */,
			);
			currentVersion = 31AB59572A6AD58E00DABF97 /* DataModel.xcdatamodel */;
			path = DataModel.xcdatamodeld;
			sourceTree = "<group>";
			versionGroupType = wrapper.xcdatamodel;
		};
/* End XCVersionGroup section */
	};
	rootObject = 319BBF132A3B8B5A003A1C26 /* Project object */;
}
